// !$*UTF8*$!
{
	archiveVersion = 1;
	classes = {
	};
	objectVersion = 55;
	objects = {

/* Begin PBXBuildFile section */
		92C1C25CA341A6F46647AD81 /* libPods-PushupTracker.a in Frameworks */ = {isa = PBXBuildFile; fileRef = 1C8517660400ADB4FEA7B3E0 /* libPods-PushupTracker.a */; };
		B230BE462729E7B20047A9AF /* PushupTrackerApp.swift in Sources */ = {isa = PBXBuildFile; fileRef = B230BE452729E7B20047A9AF /* PushupTrackerApp.swift */; };
		B230BE482729E7B20047A9AF /* PushupView.swift in Sources */ = {isa = PBXBuildFile; fileRef = B230BE472729E7B20047A9AF /* PushupView.swift */; };
		B230BE4A2729E7B30047A9AF /* Assets.xcassets in Resources */ = {isa = PBXBuildFile; fileRef = B230BE492729E7B30047A9AF /* Assets.xcassets */; };
		B230BE4D2729E7B30047A9AF /* Preview Assets.xcassets in Resources */ = {isa = PBXBuildFile; fileRef = B230BE4C2729E7B30047A9AF /* Preview Assets.xcassets */; };
		B230BE542729E8370047A9AF /* PushupTally.swift in Sources */ = {isa = PBXBuildFile; fileRef = B230BE532729E8370047A9AF /* PushupTally.swift */; };
		B230BE562729E9240047A9AF /* PushupViewModel.swift in Sources */ = {isa = PBXBuildFile; fileRef = B230BE552729E9240047A9AF /* PushupViewModel.swift */; };
		B230BE582729EDC30047A9AF /* WebView.swift in Sources */ = {isa = PBXBuildFile; fileRef = B230BE572729EDC30047A9AF /* WebView.swift */; };
		B230BE5A272A06450047A9AF /* PushupRecordView.swift in Sources */ = {isa = PBXBuildFile; fileRef = B230BE59272A06450047A9AF /* PushupRecordView.swift */; };
		B230BE5C272A07FB0047A9AF /* DateFormatter.swift in Sources */ = {isa = PBXBuildFile; fileRef = B230BE5B272A07FB0047A9AF /* DateFormatter.swift */; };
		B230BE5E272A0A2E0047A9AF /* AddWorkoutView.swift in Sources */ = {isa = PBXBuildFile; fileRef = B230BE5D272A0A2E0047A9AF /* AddWorkoutView.swift */; };
		B230BE60272A1A460047A9AF /* HW7.swift in Sources */ = {isa = PBXBuildFile; fileRef = B230BE5F272A1A460047A9AF /* HW7.swift */; };
		B29229AC2745C17D00D401D4 /* WorkoutReport.swift in Sources */ = {isa = PBXBuildFile; fileRef = B29229AB2745C17D00D401D4 /* WorkoutReport.swift */; };
		B29229AE2745C6B700D401D4 /* PushupsForKyleView.swift in Sources */ = {isa = PBXBuildFile; fileRef = B29229AD2745C6B700D401D4 /* PushupsForKyleView.swift */; };
		B29229B02745E96600D401D4 /* EditableText.swift in Sources */ = {isa = PBXBuildFile; fileRef = B29229AF2745E96600D401D4 /* EditableText.swift */; };
		B29229B22746EAA600D401D4 /* PushupTallyHistory.swift in Sources */ = {isa = PBXBuildFile; fileRef = B29229B12746EAA600D401D4 /* PushupTallyHistory.swift */; };
		B29229B427480AC700D401D4 /* DatabaseHelper.swift in Sources */ = {isa = PBXBuildFile; fileRef = B29229B327480AC700D401D4 /* DatabaseHelper.swift */; };
		B2E517FC273346D0003DA5F8 /* MessageComposeView.swift in Sources */ = {isa = PBXBuildFile; fileRef = B2E517FB273346D0003DA5F8 /* MessageComposeView.swift */; };
/* End PBXBuildFile section */

/* Begin PBXFileReference section */
		14A033F9F7667978B4BC178D /* Pods-PushupTracker.release.xcconfig */ = {isa = PBXFileReference; includeInIndex = 1; lastKnownFileType = text.xcconfig; name = "Pods-PushupTracker.release.xcconfig"; path = "Target Support Files/Pods-PushupTracker/Pods-PushupTracker.release.xcconfig"; sourceTree = "<group>"; };
		1C8517660400ADB4FEA7B3E0 /* libPods-PushupTracker.a */ = {isa = PBXFileReference; explicitFileType = archive.ar; includeInIndex = 0; path = "libPods-PushupTracker.a"; sourceTree = BUILT_PRODUCTS_DIR; };
		B230BE422729E7B20047A9AF /* PushupTracker.app */ = {isa = PBXFileReference; explicitFileType = wrapper.application; includeInIndex = 0; path = PushupTracker.app; sourceTree = BUILT_PRODUCTS_DIR; };
		B230BE452729E7B20047A9AF /* PushupTrackerApp.swift */ = {isa = PBXFileReference; lastKnownFileType = sourcecode.swift; path = PushupTrackerApp.swift; sourceTree = "<group>"; };
		B230BE472729E7B20047A9AF /* PushupView.swift */ = {isa = PBXFileReference; lastKnownFileType = sourcecode.swift; path = PushupView.swift; sourceTree = "<group>"; };
		B230BE492729E7B30047A9AF /* Assets.xcassets */ = {isa = PBXFileReference; lastKnownFileType = folder.assetcatalog; path = Assets.xcassets; sourceTree = "<group>"; };
		B230BE4C2729E7B30047A9AF /* Preview Assets.xcassets */ = {isa = PBXFileReference; lastKnownFileType = folder.assetcatalog; path = "Preview Assets.xcassets"; sourceTree = "<group>"; };
		B230BE532729E8370047A9AF /* PushupTally.swift */ = {isa = PBXFileReference; lastKnownFileType = sourcecode.swift; path = PushupTally.swift; sourceTree = "<group>"; };
		B230BE552729E9240047A9AF /* PushupViewModel.swift */ = {isa = PBXFileReference; lastKnownFileType = sourcecode.swift; path = PushupViewModel.swift; sourceTree = "<group>"; };
		B230BE572729EDC30047A9AF /* WebView.swift */ = {isa = PBXFileReference; lastKnownFileType = sourcecode.swift; path = WebView.swift; sourceTree = "<group>"; };
		B230BE59272A06450047A9AF /* PushupRecordView.swift */ = {isa = PBXFileReference; lastKnownFileType = sourcecode.swift; path = PushupRecordView.swift; sourceTree = "<group>"; };
		B230BE5B272A07FB0047A9AF /* DateFormatter.swift */ = {isa = PBXFileReference; lastKnownFileType = sourcecode.swift; path = DateFormatter.swift; sourceTree = "<group>"; };
		B230BE5D272A0A2E0047A9AF /* AddWorkoutView.swift */ = {isa = PBXFileReference; lastKnownFileType = sourcecode.swift; path = AddWorkoutView.swift; sourceTree = "<group>"; };
		B230BE5F272A1A460047A9AF /* HW7.swift */ = {isa = PBXFileReference; lastKnownFileType = sourcecode.swift; path = HW7.swift; sourceTree = "<group>"; };
		B29229AB2745C17D00D401D4 /* WorkoutReport.swift */ = {isa = PBXFileReference; lastKnownFileType = sourcecode.swift; path = WorkoutReport.swift; sourceTree = "<group>"; };
		B29229AD2745C6B700D401D4 /* PushupsForKyleView.swift */ = {isa = PBXFileReference; lastKnownFileType = sourcecode.swift; path = PushupsForKyleView.swift; sourceTree = "<group>"; };
		B29229AF2745E96600D401D4 /* EditableText.swift */ = {isa = PBXFileReference; lastKnownFileType = sourcecode.swift; path = EditableText.swift; sourceTree = "<group>"; };
		B29229B12746EAA600D401D4 /* PushupTallyHistory.swift */ = {isa = PBXFileReference; lastKnownFileType = sourcecode.swift; path = PushupTallyHistory.swift; sourceTree = "<group>"; };
		B29229B327480AC700D401D4 /* DatabaseHelper.swift */ = {isa = PBXFileReference; lastKnownFileType = sourcecode.swift; path = DatabaseHelper.swift; sourceTree = "<group>"; };
		B2E517FB273346D0003DA5F8 /* MessageComposeView.swift */ = {isa = PBXFileReference; lastKnownFileType = sourcecode.swift; path = MessageComposeView.swift; sourceTree = "<group>"; };
		E7AC8F1E4653D5CC9C31648F /* Pods-PushupTracker.debug.xcconfig */ = {isa = PBXFileReference; includeInIndex = 1; lastKnownFileType = text.xcconfig; name = "Pods-PushupTracker.debug.xcconfig"; path = "Target Support Files/Pods-PushupTracker/Pods-PushupTracker.debug.xcconfig"; sourceTree = "<group>"; };
/* End PBXFileReference section */

/* Begin PBXFrameworksBuildPhase section */
		B230BE3F2729E7B20047A9AF /* Frameworks */ = {
			isa = PBXFrameworksBuildPhase;
			buildActionMask = 2147483647;
			files = (
				92C1C25CA341A6F46647AD81 /* libPods-PushupTracker.a in Frameworks */,
			);
			runOnlyForDeploymentPostprocessing = 0;
		};
/* End PBXFrameworksBuildPhase section */

/* Begin PBXGroup section */
		2912EEF3033F27373501BADC /* Pods */ = {
			isa = PBXGroup;
			children = (
				E7AC8F1E4653D5CC9C31648F /* Pods-PushupTracker.debug.xcconfig */,
				14A033F9F7667978B4BC178D /* Pods-PushupTracker.release.xcconfig */,
			);
			path = Pods;
			sourceTree = "<group>";
		};
		5424111BA88D8286BA19E55B /* Frameworks */ = {
			isa = PBXGroup;
			children = (
				1C8517660400ADB4FEA7B3E0 /* libPods-PushupTracker.a */,
			);
			name = Frameworks;
			sourceTree = "<group>";
		};
		B230BE392729E7B20047A9AF = {
			isa = PBXGroup;
			children = (
				B230BE442729E7B20047A9AF /* PushupTracker */,
				B230BE432729E7B20047A9AF /* Products */,
				2912EEF3033F27373501BADC /* Pods */,
				5424111BA88D8286BA19E55B /* Frameworks */,
			);
			sourceTree = "<group>";
		};
		B230BE432729E7B20047A9AF /* Products */ = {
			isa = PBXGroup;
			children = (
				B230BE422729E7B20047A9AF /* PushupTracker.app */,
			);
			name = Products;
			sourceTree = "<group>";
		};
		B230BE442729E7B20047A9AF /* PushupTracker */ = {
			isa = PBXGroup;
			children = (
				B230BE452729E7B20047A9AF /* PushupTrackerApp.swift */,
				B230BE472729E7B20047A9AF /* PushupView.swift */,
				B230BE492729E7B30047A9AF /* Assets.xcassets */,
				B230BE4B2729E7B30047A9AF /* Preview Content */,
				B230BE532729E8370047A9AF /* PushupTally.swift */,
				B230BE552729E9240047A9AF /* PushupViewModel.swift */,
				B230BE572729EDC30047A9AF /* WebView.swift */,
				B230BE59272A06450047A9AF /* PushupRecordView.swift */,
				B230BE5B272A07FB0047A9AF /* DateFormatter.swift */,
				B230BE5D272A0A2E0047A9AF /* AddWorkoutView.swift */,
				B230BE5F272A1A460047A9AF /* HW7.swift */,
				B2E517FB273346D0003DA5F8 /* MessageComposeView.swift */,
				B29229AB2745C17D00D401D4 /* WorkoutReport.swift */,
				B29229B327480AC700D401D4 /* DatabaseHelper.swift */,
				B29229AD2745C6B700D401D4 /* PushupsForKyleView.swift */,
				B29229AF2745E96600D401D4 /* EditableText.swift */,
				B29229B12746EAA600D401D4 /* PushupTallyHistory.swift */,
			);
			path = PushupTracker;
			sourceTree = "<group>";
		};
		B230BE4B2729E7B30047A9AF /* Preview Content */ = {
			isa = PBXGroup;
			children = (
				B230BE4C2729E7B30047A9AF /* Preview Assets.xcassets */,
			);
			path = "Preview Content";
			sourceTree = "<group>";
		};
/* End PBXGroup section */

/* Begin PBXNativeTarget section */
		B230BE412729E7B20047A9AF /* PushupTracker */ = {
			isa = PBXNativeTarget;
			buildConfigurationList = B230BE502729E7B30047A9AF /* Build configuration list for PBXNativeTarget "PushupTracker" */;
			buildPhases = (
				F53069840941739D3C2842C8 /* [CP] Check Pods Manifest.lock */,
				B230BE3E2729E7B20047A9AF /* Sources */,
				B230BE3F2729E7B20047A9AF /* Frameworks */,
				B230BE402729E7B20047A9AF /* Resources */,
			);
			buildRules = (
			);
			dependencies = (
			);
			name = PushupTracker;
			productName = PushupTracker;
			productReference = B230BE422729E7B20047A9AF /* PushupTracker.app */;
			productType = "com.apple.product-type.application";
		};
/* End PBXNativeTarget section */

/* Begin PBXProject section */
		B230BE3A2729E7B20047A9AF /* Project object */ = {
			isa = PBXProject;
			attributes = {
				BuildIndependentTargetsInParallel = 1;
				LastSwiftUpdateCheck = 1310;
				LastUpgradeCheck = 1310;
				TargetAttributes = {
					B230BE412729E7B20047A9AF = {
						CreatedOnToolsVersion = 13.1;
					};
				};
			};
			buildConfigurationList = B230BE3D2729E7B20047A9AF /* Build configuration list for PBXProject "PushupTracker" */;
			compatibilityVersion = "Xcode 13.0";
			developmentRegion = en;
			hasScannedForEncodings = 0;
			knownRegions = (
				en,
				Base,
			);
			mainGroup = B230BE392729E7B20047A9AF;
			productRefGroup = B230BE432729E7B20047A9AF /* Products */;
			projectDirPath = "";
			projectRoot = "";
			targets = (
				B230BE412729E7B20047A9AF /* PushupTracker */,
			);
		};
/* End PBXProject section */

/* Begin PBXResourcesBuildPhase section */
		B230BE402729E7B20047A9AF /* Resources */ = {
			isa = PBXResourcesBuildPhase;
			buildActionMask = 2147483647;
			files = (
				B230BE4D2729E7B30047A9AF /* Preview Assets.xcassets in Resources */,
				B230BE4A2729E7B30047A9AF /* Assets.xcassets in Resources */,
			);
			runOnlyForDeploymentPostprocessing = 0;
		};
/* End PBXResourcesBuildPhase section */

/* Begin PBXShellScriptBuildPhase section */
		F53069840941739D3C2842C8 /* [CP] Check Pods Manifest.lock */ = {
			isa = PBXShellScriptBuildPhase;
			buildActionMask = 2147483647;
			files = (
			);
			inputFileListPaths = (
			);
			inputPaths = (
				"${PODS_PODFILE_DIR_PATH}/Podfile.lock",
				"${PODS_ROOT}/Manifest.lock",
			);
			name = "[CP] Check Pods Manifest.lock";
			outputFileListPaths = (
			);
			outputPaths = (
				"$(DERIVED_FILE_DIR)/Pods-PushupTracker-checkManifestLockResult.txt",
			);
			runOnlyForDeploymentPostprocessing = 0;
			shellPath = /bin/sh;
			shellScript = "diff \"${PODS_PODFILE_DIR_PATH}/Podfile.lock\" \"${PODS_ROOT}/Manifest.lock\" > /dev/null\nif [ $? != 0 ] ; then\n    # print error to STDERR\n    echo \"error: The sandbox is not in sync with the Podfile.lock. Run 'pod install' or update your CocoaPods installation.\" >&2\n    exit 1\nfi\n# This output is used by Xcode 'outputs' to avoid re-running this script phase.\necho \"SUCCESS\" > \"${SCRIPT_OUTPUT_FILE_0}\"\n";
			showEnvVarsInLog = 0;
		};
/* End PBXShellScriptBuildPhase section */

/* Begin PBXSourcesBuildPhase section */
		B230BE3E2729E7B20047A9AF /* Sources */ = {
			isa = PBXSourcesBuildPhase;
			buildActionMask = 2147483647;
			files = (
				B29229B22746EAA600D401D4 /* PushupTallyHistory.swift in Sources */,
				B29229B427480AC700D401D4 /* DatabaseHelper.swift in Sources */,
				B230BE542729E8370047A9AF /* PushupTally.swift in Sources */,
				B230BE582729EDC30047A9AF /* WebView.swift in Sources */,
				B230BE5A272A06450047A9AF /* PushupRecordView.swift in Sources */,
				B230BE5C272A07FB0047A9AF /* DateFormatter.swift in Sources */,
				B230BE562729E9240047A9AF /* PushupViewModel.swift in Sources */,
				B29229B02745E96600D401D4 /* EditableText.swift in Sources */,
				B2E517FC273346D0003DA5F8 /* MessageComposeView.swift in Sources */,
				B230BE482729E7B20047A9AF /* PushupView.swift in Sources */,
				B29229AC2745C17D00D401D4 /* WorkoutReport.swift in Sources */,
				B230BE60272A1A460047A9AF /* HW7.swift in Sources */,
				B230BE5E272A0A2E0047A9AF /* AddWorkoutView.swift in Sources */,
				B29229AE2745C6B700D401D4 /* PushupsForKyleView.swift in Sources */,
				B230BE462729E7B20047A9AF /* PushupTrackerApp.swift in Sources */,
			);
			runOnlyForDeploymentPostprocessing = 0;
		};
/* End PBXSourcesBuildPhase section */

/* Begin XCBuildConfiguration section */
		B230BE4E2729E7B30047A9AF /* Debug */ = {
			isa = XCBuildConfiguration;
			buildSettings = {
				ALWAYS_SEARCH_USER_PATHS = NO;
				CLANG_ANALYZER_NONNULL = YES;
				CLANG_ANALYZER_NUMBER_OBJECT_CONVERSION = YES_AGGRESSIVE;
				CLANG_CXX_LANGUAGE_STANDARD = "gnu++17";
				CLANG_CXX_LIBRARY = "libc++";
				CLANG_ENABLE_MODULES = YES;
				CLANG_ENABLE_OBJC_ARC = YES;
				CLANG_ENABLE_OBJC_WEAK = YES;
				CLANG_WARN_BLOCK_CAPTURE_AUTORELEASING = YES;
				CLANG_WARN_BOOL_CONVERSION = YES;
				CLANG_WARN_COMMA = YES;
				CLANG_WARN_CONSTANT_CONVERSION = YES;
				CLANG_WARN_DEPRECATED_OBJC_IMPLEMENTATIONS = YES;
				CLANG_WARN_DIRECT_OBJC_ISA_USAGE = YES_ERROR;
				CLANG_WARN_DOCUMENTATION_COMMENTS = YES;
				CLANG_WARN_EMPTY_BODY = YES;
				CLANG_WARN_ENUM_CONVERSION = YES;
				CLANG_WARN_INFINITE_RECURSION = YES;
				CLANG_WARN_INT_CONVERSION = YES;
				CLANG_WARN_NON_LITERAL_NULL_CONVERSION = YES;
				CLANG_WARN_OBJC_IMPLICIT_RETAIN_SELF = YES;
				CLANG_WARN_OBJC_LITERAL_CONVERSION = YES;
				CLANG_WARN_OBJC_ROOT_CLASS = YES_ERROR;
				CLANG_WARN_QUOTED_INCLUDE_IN_FRAMEWORK_HEADER = YES;
				CLANG_WARN_RANGE_LOOP_ANALYSIS = YES;
				CLANG_WARN_STRICT_PROTOTYPES = YES;
				CLANG_WARN_SUSPICIOUS_MOVE = YES;
				CLANG_WARN_UNGUARDED_AVAILABILITY = YES_AGGRESSIVE;
				CLANG_WARN_UNREACHABLE_CODE = YES;
				CLANG_WARN__DUPLICATE_METHOD_MATCH = YES;
				COPY_PHASE_STRIP = NO;
				DEBUG_INFORMATION_FORMAT = dwarf;
				ENABLE_STRICT_OBJC_MSGSEND = YES;
				ENABLE_TESTABILITY = YES;
				GCC_C_LANGUAGE_STANDARD = gnu11;
				GCC_DYNAMIC_NO_PIC = NO;
				GCC_NO_COMMON_BLOCKS = YES;
				GCC_OPTIMIZATION_LEVEL = 0;
				GCC_PREPROCESSOR_DEFINITIONS = (
					"DEBUG=1",
					"$(inherited)",
				);
				GCC_WARN_64_TO_32_BIT_CONVERSION = YES;
				GCC_WARN_ABOUT_RETURN_TYPE = YES_ERROR;
				GCC_WARN_UNDECLARED_SELECTOR = YES;
				GCC_WARN_UNINITIALIZED_AUTOS = YES_AGGRESSIVE;
				GCC_WARN_UNUSED_FUNCTION = YES;
				GCC_WARN_UNUSED_VARIABLE = YES;
				IPHONEOS_DEPLOYMENT_TARGET = 15.0;
				MTL_ENABLE_DEBUG_INFO = INCLUDE_SOURCE;
				MTL_FAST_MATH = YES;
				ONLY_ACTIVE_ARCH = YES;
				SDKROOT = iphoneos;
				SWIFT_ACTIVE_COMPILATION_CONDITIONS = DEBUG;
				SWIFT_OPTIMIZATION_LEVEL = "-Onone";
			};
			name = Debug;
		};
		B230BE4F2729E7B30047A9AF /* Release */ = {
			isa = XCBuildConfiguration;
			buildSettings = {
				ALWAYS_SEARCH_USER_PATHS = NO;
				CLANG_ANALYZER_NONNULL = YES;
				CLANG_ANALYZER_NUMBER_OBJECT_CONVERSION = YES_AGGRESSIVE;
				CLANG_CXX_LANGUAGE_STANDARD = "gnu++17";
				CLANG_CXX_LIBRARY = "libc++";
				CLANG_ENABLE_MODULES = YES;
				CLANG_ENABLE_OBJC_ARC = YES;
				CLANG_ENABLE_OBJC_WEAK = YES;
				CLANG_WARN_BLOCK_CAPTURE_AUTORELEASING = YES;
				CLANG_WARN_BOOL_CONVERSION = YES;
				CLANG_WARN_COMMA = YES;
				CLANG_WARN_CONSTANT_CONVERSION = YES;
				CLANG_WARN_DEPRECATED_OBJC_IMPLEMENTATIONS = YES;
				CLANG_WARN_DIRECT_OBJC_ISA_USAGE = YES_ERROR;
				CLANG_WARN_DOCUMENTATION_COMMENTS = YES;
				CLANG_WARN_EMPTY_BODY = YES;
				CLANG_WARN_ENUM_CONVERSION = YES;
				CLANG_WARN_INFINITE_RECURSION = YES;
				CLANG_WARN_INT_CONVERSION = YES;
				CLANG_WARN_NON_LITERAL_NULL_CONVERSION = YES;
				CLANG_WARN_OBJC_IMPLICIT_RETAIN_SELF = YES;
				CLANG_WARN_OBJC_LITERAL_CONVERSION = YES;
				CLANG_WARN_OBJC_ROOT_CLASS = YES_ERROR;
				CLANG_WARN_QUOTED_INCLUDE_IN_FRAMEWORK_HEADER = YES;
				CLANG_WARN_RANGE_LOOP_ANALYSIS = YES;
				CLANG_WARN_STRICT_PROTOTYPES = YES;
				CLANG_WARN_SUSPICIOUS_MOVE = YES;
				CLANG_WARN_UNGUARDED_AVAILABILITY = YES_AGGRESSIVE;
				CLANG_WARN_UNREACHABLE_CODE = YES;
				CLANG_WARN__DUPLICATE_METHOD_MATCH = YES;
				COPY_PHASE_STRIP = NO;
				DEBUG_INFORMATION_FORMAT = "dwarf-with-dsym";
				ENABLE_NS_ASSERTIONS = NO;
				ENABLE_STRICT_OBJC_MSGSEND = YES;
				GCC_C_LANGUAGE_STANDARD = gnu11;
				GCC_NO_COMMON_BLOCKS = YES;
				GCC_WARN_64_TO_32_BIT_CONVERSION = YES;
				GCC_WARN_ABOUT_RETURN_TYPE = YES_ERROR;
				GCC_WARN_UNDECLARED_SELECTOR = YES;
				GCC_WARN_UNINITIALIZED_AUTOS = YES_AGGRESSIVE;
				GCC_WARN_UNUSED_FUNCTION = YES;
				GCC_WARN_UNUSED_VARIABLE = YES;
				IPHONEOS_DEPLOYMENT_TARGET = 15.0;
				MTL_ENABLE_DEBUG_INFO = NO;
				MTL_FAST_MATH = YES;
				SDKROOT = iphoneos;
				SWIFT_COMPILATION_MODE = wholemodule;
				SWIFT_OPTIMIZATION_LEVEL = "-O";
				VALIDATE_PRODUCT = YES;
			};
			name = Release;
		};
		B230BE512729E7B30047A9AF /* Debug */ = {
			isa = XCBuildConfiguration;
			baseConfigurationReference = E7AC8F1E4653D5CC9C31648F /* Pods-PushupTracker.debug.xcconfig */;
			buildSettings = {
				ASSETCATALOG_COMPILER_APPICON_NAME = AppIcon;
				ASSETCATALOG_COMPILER_GLOBAL_ACCENT_COLOR_NAME = AccentColor;
				CODE_SIGN_STYLE = Automatic;
				CURRENT_PROJECT_VERSION = 1;
				DEVELOPMENT_ASSET_PATHS = "\"PushupTracker/Preview Content\"";
				DEVELOPMENT_TEAM = Y64T97TPKJ;
				ENABLE_PREVIEWS = YES;
				GENERATE_INFOPLIST_FILE = YES;
				INFOPLIST_KEY_UIApplicationSceneManifest_Generation = YES;
				INFOPLIST_KEY_UIApplicationSupportsIndirectInputEvents = YES;
				INFOPLIST_KEY_UILaunchScreen_Generation = YES;
				INFOPLIST_KEY_UISupportedInterfaceOrientations_iPad = "UIInterfaceOrientationPortrait UIInterfaceOrientationPortraitUpsideDown UIInterfaceOrientationLandscapeLeft UIInterfaceOrientationLandscapeRight";
				INFOPLIST_KEY_UISupportedInterfaceOrientations_iPhone = "UIInterfaceOrientationPortrait UIInterfaceOrientationLandscapeLeft UIInterfaceOrientationLandscapeRight";
				LD_RUNPATH_SEARCH_PATHS = (
					"$(inherited)",
					"@executable_path/Frameworks",
				);
				MARKETING_VERSION = 1.0;
				PRODUCT_BUNDLE_IDENTIFIER = "chris-young-543.PushupTracker";
				PRODUCT_NAME = "$(TARGET_NAME)";
				SWIFT_EMIT_LOC_STRINGS = YES;
				SWIFT_VERSION = 5.0;
				TARGETED_DEVICE_FAMILY = "1,2";
			};
			name = Debug;
		};
		B230BE522729E7B30047A9AF /* Release */ = {
			isa = XCBuildConfiguration;
			baseConfigurationReference = 14A033F9F7667978B4BC178D /* Pods-PushupTracker.release.xcconfig */;
			buildSettings = {
				ASSETCATALOG_COMPILER_APPICON_NAME = AppIcon;
				ASSETCATALOG_COMPILER_GLOBAL_ACCENT_COLOR_NAME = AccentColor;
				CODE_SIGN_STYLE = Automatic;
				CURRENT_PROJECT_VERSION = 1;
				DEVELOPMENT_ASSET_PATHS = "\"PushupTracker/Preview Content\"";
				DEVELOPMENT_TEAM = Y64T97TPKJ;
				ENABLE_PREVIEWS = YES;
				GENERATE_INFOPLIST_FILE = YES;
				INFOPLIST_KEY_UIApplicationSceneManifest_Generation = YES;
				INFOPLIST_KEY_UIApplicationSupportsIndirectInputEvents = YES;
				INFOPLIST_KEY_UILaunchScreen_Generation = YES;
				INFOPLIST_KEY_UISupportedInterfaceOrientations_iPad = "UIInterfaceOrientationPortrait UIInterfaceOrientationPortraitUpsideDown UIInterfaceOrientationLandscapeLeft UIInterfaceOrientationLandscapeRight";
				INFOPLIST_KEY_UISupportedInterfaceOrientations_iPhone = "UIInterfaceOrientationPortrait UIInterfaceOrientationLandscapeLeft UIInterfaceOrientationLandscapeRight";
				LD_RUNPATH_SEARCH_PATHS = (
					"$(inherited)",
					"@executable_path/Frameworks",
				);
				MARKETING_VERSION = 1.0;
				PRODUCT_BUNDLE_IDENTIFIER = "chris-young-543.PushupTracker";
				PRODUCT_NAME = "$(TARGET_NAME)";
				SWIFT_EMIT_LOC_STRINGS = YES;
				SWIFT_VERSION = 5.0;
				TARGETED_DEVICE_FAMILY = "1,2";
			};
			name = Release;
		};
/* End XCBuildConfiguration section */

/* Begin XCConfigurationList section */
		B230BE3D2729E7B20047A9AF /* Build configuration list for PBXProject "PushupTracker" */ = {
			isa = XCConfigurationList;
			buildConfigurations = (
				B230BE4E2729E7B30047A9AF /* Debug */,
				B230BE4F2729E7B30047A9AF /* Release */,
			);
			defaultConfigurationIsVisible = 0;
			defaultConfigurationName = Release;
		};
		B230BE502729E7B30047A9AF /* Build configuration list for PBXNativeTarget "PushupTracker" */ = {
			isa = XCConfigurationList;
			buildConfigurations = (
				B230BE512729E7B30047A9AF /* Debug */,
				B230BE522729E7B30047A9AF /* Release */,
			);
			defaultConfigurationIsVisible = 0;
			defaultConfigurationName = Release;
		};
/* End XCConfigurationList section */
	};
	rootObject = B230BE3A2729E7B20047A9AF /* Project object */;
}
